
Microsoft Visual Studio Solution File, Format Version 12.00
# Visual Studio 14
VisualStudioVersion = 14.0.23107.0
MinimumVisualStudioVersion = 10.0.40219.1
Project("{FAE04EC0-301F-11D3-BF4B-00C04F79EFBC}") = "ImageOpener", "ImageOpener\ImageOpener.csproj", "{B120416F-8EBA-49EB-B4CC-C37937D5587C}"
EndProject
Project("{FAE04EC0-301F-11D3-BF4B-00C04F79EFBC}") = "ImageProcessor", "ImageProcessor\ImageProcessor.csproj", "{869D61CF-CC48-4C95-85C7-63C87286BFAD}"
EndProject
Global
	GlobalSection(SolutionConfigurationPlatforms) = preSolution
		Debug|Any CPU = Debug|Any CPU
		Release|Any CPU = Release|Any CPU
	EndGlobalSection
	GlobalSection(ProjectConfigurationPlatforms) = postSolution
		{B120416F-8EBA-49EB-B4CC-C37937D5587C}.Debug|Any CPU.ActiveCfg = Debug|Any CPU
		{B120416F-8EBA-49EB-B4CC-C37937D5587C}.Debug|Any CPU.Build.0 = Debug|Any CPU
		{B120416F-8EBA-49EB-B4CC-C37937D5587C}.Release|Any CPU.ActiveCfg = Release|Any CPU
		{B120416F-8EBA-49EB-B4CC-C37937D5587C}.Release|Any CPU.Build.0 = Release|Any CPU
		{869D61CF-CC48-4C95-85C7-63C87286BFAD}.Debug|Any CPU.ActiveCfg = Debug|Any CPU
		{869D61CF-CC48-4C95-85C7-63C87286BFAD}.Debug|Any CPU.Build.0 = Debug|Any CPU
		{869D61CF-CC48-4C95-85C7-63C87286BFAD}.Release|Any CPU.ActiveCfg = Release|Any CPU
		{869D61CF-CC48-4C95-85C7-63C87286BFAD}.Release|Any CPU.Build.0 = Release|Any CPU
	EndGlobalSection
	GlobalSection(SolutionProperties) = preSolution
		HideSolutionNode = FALSE
	EndGlobalSection
EndGlobal
